
Microsoft Visual Studio Solution File, Format Version 12.00
# Visual Studio Version 16
VisualStudioVersion = 16.0.29424.173
MinimumVisualStudioVersion = 10.0.40219.1
Project("{FAE04EC0-301F-11D3-BF4B-00C04F79EFBC}") = "Stores", "Stores\Stores.csproj", "{9DABF26E-6BB4-4984-82A4-DFDF9D0F72F8}"
EndProject
Global
	GlobalSection(SolutionConfigurationPlatforms) = preSolution
		Debug|Any CPU = Debug|Any CPU
		Release|Any CPU = Release|Any CPU
	EndGlobalSection
	GlobalSection(ProjectConfigurationPlatforms) = postSolution
		{9DABF26E-6BB4-4984-82A4-DFDF9D0F72F8}.Debug|Any CPU.ActiveCfg = Debug|Any CPU
		{9DABF26E-6BB4-4984-82A4-DFDF9D0F72F8}.Debug|Any CPU.Build.0 = Debug|Any CPU
		{9DABF26E-6BB4-4984-82A4-DFDF9D0F72F8}.Release|Any CPU.ActiveCfg = Release|Any CPU
		{9DABF26E-6BB4-4984-82A4-DFDF9D0F72F8}.Release|Any CPU.Build.0 = Release|Any CPU
	EndGlobalSection
	GlobalSection(SolutionProperties) = preSolution
		HideSolutionNode = FALSE
	EndGlobalSection
	GlobalSection(ExtensibilityGlobals) = postSolution
		SolutionGuid = {592B1D3C-67E6-446A-B038-ABA0F0C284E1}
	EndGlobalSection
EndGlobal
